
Microsoft Visual Studio Solution File, Format Version 12.00
# Visual Studio 15
VisualStudioVersion = 15.0.27703.2042
MinimumVisualStudioVersion = 10.0.40219.1
Project("{888888A0-9F3D-457C-B088-3A5042F75D52}") = "management", "management\management.pyproj", "{AFBD9DE8-D7FB-4BF7-BFFC-C6CA2207E01B}"
EndProject
Global
	GlobalSection(SolutionConfigurationPlatforms) = preSolution
		Debug|Any CPU = Debug|Any CPU
		Release|Any CPU = Release|Any CPU
	EndGlobalSection
	GlobalSection(ProjectConfigurationPlatforms) = postSolution
		{AFBD9DE8-D7FB-4BF7-BFFC-C6CA2207E01B}.Debug|Any CPU.ActiveCfg = Debug|Any CPU
		{AFBD9DE8-D7FB-4BF7-BFFC-C6CA2207E01B}.Debug|Any CPU.Build.0 = Debug|Any CPU
		{AFBD9DE8-D7FB-4BF7-BFFC-C6CA2207E01B}.Release|Any CPU.ActiveCfg = Release|Any CPU
		{AFBD9DE8-D7FB-4BF7-BFFC-C6CA2207E01B}.Release|Any CPU.Build.0 = Release|Any CPU
	EndGlobalSection
	GlobalSection(SolutionProperties) = preSolution
		HideSolutionNode = FALSE
	EndGlobalSection
	GlobalSection(ExtensibilityGlobals) = postSolution
		SolutionGuid = {830BA9C3-BB07-4784-AA57-83F6E47FA3B9}
	EndGlobalSection
EndGlobal
